
Microsoft Visual Studio Solution File, Format Version 12.00
# Visual Studio 14
VisualStudioVersion = 14.0.25420.1
MinimumVisualStudioVersion = 10.0.40219.1
Project("{FAE04EC0-301F-11D3-BF4B-00C04F79EFBC}") = "WebApp", "WebApp\WebApp.csproj", "{E09CEDC3-939E-4028-AC8E-B9CCA055B8F4}"
EndProject
Project("{FAE04EC0-301F-11D3-BF4B-00C04F79EFBC}") = "BuildTests", "BuildTests\BuildTests.csproj", "{952A4111-19BF-4C0B-8982-9568C0D8BF84}"
EndProject
Global
	GlobalSection(SolutionConfigurationPlatforms) = preSolution
		Debug|Any CPU = Debug|Any CPU
		Release|Any CPU = Release|Any CPU
	EndGlobalSection
	GlobalSection(ProjectConfigurationPlatforms) = postSolution
		{E09CEDC3-939E-4028-AC8E-B9CCA055B8F4}.Debug|Any CPU.ActiveCfg = Debug|Any CPU
		{E09CEDC3-939E-4028-AC8E-B9CCA055B8F4}.Debug|Any CPU.Build.0 = Debug|Any CPU
		{E09CEDC3-939E-4028-AC8E-B9CCA055B8F4}.Release|Any CPU.ActiveCfg = Release|Any CPU
		{E09CEDC3-939E-4028-AC8E-B9CCA055B8F4}.Release|Any CPU.Build.0 = Release|Any CPU
		{952A4111-19BF-4C0B-8982-9568C0D8BF84}.Debug|Any CPU.ActiveCfg = Debug|Any CPU
		{952A4111-19BF-4C0B-8982-9568C0D8BF84}.Debug|Any CPU.Build.0 = Debug|Any CPU
		{952A4111-19BF-4C0B-8982-9568C0D8BF84}.Release|Any CPU.ActiveCfg = Release|Any CPU
		{952A4111-19BF-4C0B-8982-9568C0D8BF84}.Release|Any CPU.Build.0 = Release|Any CPU
	EndGlobalSection
	GlobalSection(SolutionProperties) = preSolution
		HideSolutionNode = FALSE
	EndGlobalSection
EndGlobal
